
Microsoft Visual Studio Solution File, Format Version 12.00
# Visual Studio 15
VisualStudioVersion = 15.0.27130.2010
MinimumVisualStudioVersion = 10.0.40219.1
Project("{9A19103F-16F7-4668-BE54-9A1E7A4F7556}") = "Com.Danliris.Service.Sales.Lib", "Com.Danliris.Service.Sales.Lib\Com.Danliris.Service.Sales.Lib.csproj", "{891F27EA-B1B7-43A7-A75C-4B709BBB3811}"
EndProject
Project("{FAE04EC0-301F-11D3-BF4B-00C04F79EFBC}") = "Com.Danliris.Service.Sales.WebApi", "Com.Danliris.Service.Sales.WebApi\Com.Danliris.Service.Sales.WebApi.csproj", "{05D6FFA2-22A5-4A84-9ECC-4C630CACFF81}"
EndProject
Global
	GlobalSection(SolutionConfigurationPlatforms) = preSolution
		Debug|Any CPU = Debug|Any CPU
		Release|Any CPU = Release|Any CPU
	EndGlobalSection
	GlobalSection(ProjectConfigurationPlatforms) = postSolution
		{891F27EA-B1B7-43A7-A75C-4B709BBB3811}.Debug|Any CPU.ActiveCfg = Debug|Any CPU
		{891F27EA-B1B7-43A7-A75C-4B709BBB3811}.Debug|Any CPU.Build.0 = Debug|Any CPU
		{891F27EA-B1B7-43A7-A75C-4B709BBB3811}.Release|Any CPU.ActiveCfg = Release|Any CPU
		{891F27EA-B1B7-43A7-A75C-4B709BBB3811}.Release|Any CPU.Build.0 = Release|Any CPU
		{05D6FFA2-22A5-4A84-9ECC-4C630CACFF81}.Debug|Any CPU.ActiveCfg = Debug|Any CPU
		{05D6FFA2-22A5-4A84-9ECC-4C630CACFF81}.Debug|Any CPU.Build.0 = Debug|Any CPU
		{05D6FFA2-22A5-4A84-9ECC-4C630CACFF81}.Release|Any CPU.ActiveCfg = Release|Any CPU
		{05D6FFA2-22A5-4A84-9ECC-4C630CACFF81}.Release|Any CPU.Build.0 = Release|Any CPU
	EndGlobalSection
	GlobalSection(SolutionProperties) = preSolution
		HideSolutionNode = FALSE
	EndGlobalSection
	GlobalSection(ExtensibilityGlobals) = postSolution
		SolutionGuid = {FC5C1AD2-164A-4874-AEA8-FA2E0A6502B9}
	EndGlobalSection
EndGlobal
